
Microsoft Visual Studio Solution File, Format Version 12.00
# Visual Studio Version 17
VisualStudioVersion = 17.0.31903.59
MinimumVisualStudioVersion = 10.0.40219.1
Project("{FAE04EC0-301F-11D3-BF4B-00C04F79EFBC}") = "WebApi", "WebApi\WebApi.csproj", "{84B54E89-B03C-49BF-AD0A-A10C98BAFDA8}"
EndProject
Project("{FAE04EC0-301F-11D3-BF4B-00C04F79EFBC}") = "Entities", "Entities\Entities.csproj", "{6173808A-EDE5-4AB3-B38B-0B5E01895EF1}"
EndProject
Project("{FAE04EC0-301F-11D3-BF4B-00C04F79EFBC}") = "Repositories", "Repositories\Repositories.csproj", "{8F1D1574-7ED2-455E-8A71-585D47570512}"
EndProject
Project("{FAE04EC0-301F-11D3-BF4B-00C04F79EFBC}") = "Services", "Services\Services.csproj", "{D0B7B280-6117-4E4E-919D-E39BEB0B4041}"
EndProject
Project("{FAE04EC0-301F-11D3-BF4B-00C04F79EFBC}") = "Presentation", "Presentation\Presentation.csproj", "{7DE8F6A8-97C7-4B7D-80B1-0A342B529130}"
EndProject
Global
	GlobalSection(SolutionConfigurationPlatforms) = preSolution
		Debug|Any CPU = Debug|Any CPU
		Release|Any CPU = Release|Any CPU
	EndGlobalSection
	GlobalSection(ProjectConfigurationPlatforms) = postSolution
		{84B54E89-B03C-49BF-AD0A-A10C98BAFDA8}.Debug|Any CPU.ActiveCfg = Debug|Any CPU
		{84B54E89-B03C-49BF-AD0A-A10C98BAFDA8}.Debug|Any CPU.Build.0 = Debug|Any CPU
		{84B54E89-B03C-49BF-AD0A-A10C98BAFDA8}.Release|Any CPU.ActiveCfg = Release|Any CPU
		{84B54E89-B03C-49BF-AD0A-A10C98BAFDA8}.Release|Any CPU.Build.0 = Release|Any CPU
		{6173808A-EDE5-4AB3-B38B-0B5E01895EF1}.Debug|Any CPU.ActiveCfg = Debug|Any CPU
		{6173808A-EDE5-4AB3-B38B-0B5E01895EF1}.Debug|Any CPU.Build.0 = Debug|Any CPU
		{6173808A-EDE5-4AB3-B38B-0B5E01895EF1}.Release|Any CPU.ActiveCfg = Release|Any CPU
		{6173808A-EDE5-4AB3-B38B-0B5E01895EF1}.Release|Any CPU.Build.0 = Release|Any CPU
		{8F1D1574-7ED2-455E-8A71-585D47570512}.Debug|Any CPU.ActiveCfg = Debug|Any CPU
		{8F1D1574-7ED2-455E-8A71-585D47570512}.Debug|Any CPU.Build.0 = Debug|Any CPU
		{8F1D1574-7ED2-455E-8A71-585D47570512}.Release|Any CPU.ActiveCfg = Release|Any CPU
		{8F1D1574-7ED2-455E-8A71-585D47570512}.Release|Any CPU.Build.0 = Release|Any CPU
		{D0B7B280-6117-4E4E-919D-E39BEB0B4041}.Debug|Any CPU.ActiveCfg = Debug|Any CPU
		{D0B7B280-6117-4E4E-919D-E39BEB0B4041}.Debug|Any CPU.Build.0 = Debug|Any CPU
		{D0B7B280-6117-4E4E-919D-E39BEB0B4041}.Release|Any CPU.ActiveCfg = Release|Any CPU
		{D0B7B280-6117-4E4E-919D-E39BEB0B4041}.Release|Any CPU.Build.0 = Release|Any CPU
		{7DE8F6A8-97C7-4B7D-80B1-0A342B529130}.Debug|Any CPU.ActiveCfg = Debug|Any CPU
		{7DE8F6A8-97C7-4B7D-80B1-0A342B529130}.Debug|Any CPU.Build.0 = Debug|Any CPU
		{7DE8F6A8-97C7-4B7D-80B1-0A342B529130}.Release|Any CPU.ActiveCfg = Release|Any CPU
		{7DE8F6A8-97C7-4B7D-80B1-0A342B529130}.Release|Any CPU.Build.0 = Release|Any CPU
	EndGlobalSection
	GlobalSection(SolutionProperties) = preSolution
		HideSolutionNode = FALSE
	EndGlobalSection
	GlobalSection(ExtensibilityGlobals) = postSolution
		SolutionGuid = {5196E019-2D0F-42ED-A0AF-26CDC3425962}
	EndGlobalSection
EndGlobal
